PODS:
  - Realm (3.16.1):
    - Realm/Headers (= 3.16.1)
  - Realm/Headers (3.16.1)
  - RealmSwift (3.16.1):
    - Realm (= 3.16.1)
  - SwipeCellKit (2.6.0)

DEPENDENCIES:
  - Realm (from `https://github.com/realm/realm-cocoa.git`, branch `tg/xcode-11-b1`)
  - RealmSwift (from `https://github.com/realm/realm-cocoa.git`, branch `tg/xcode-11-b1`)
  - SwipeCellKit (from `https://github.com/SwipeCellKit/SwipeCellKit.git`, branch `develop`)

EXTERNAL SOURCES:
  Realm:
    :branch: tg/xcode-11-b1
    :git: https://github.com/realm/realm-cocoa.git
    :submodules: true
  RealmSwift:
    :branch: tg/xcode-11-b1
    :git: https://github.com/realm/realm-cocoa.git
    :submodules: true
  SwipeCellKit:
    :branch: develop
    :git: https://github.com/SwipeCellKit/SwipeCellKit.git

CHECKOUT OPTIONS:
  Realm:
    :commit: 2e58dfe78e5f641262c4c5c7e5a13f05b434c610
    :git: https://github.com/realm/realm-cocoa.git
    :submodules: true
  RealmSwift:
    :commit: 2e58dfe78e5f641262c4c5c7e5a13f05b434c610
    :git: https://github.com/realm/realm-cocoa.git
    :submodules: true
  SwipeCellKit:
    :commit: daad4f4ad57becebeffa648f9a37bbc53e1bd396
    :git: https://github.com/SwipeCellKit/SwipeCellKit.git

SPEC CHECKSUMS:
  Realm: 601cacc51d8be3b17a377ef787be0f6ee0e76cf1
  RealmSwift: 486f2e09d5a8ccff63ed66e48d0846b111deb5e5
  SwipeCellKit: cb35a1c81cad77f12f23f3dcb155da4c25e1b0c0

PODFILE CHECKSUM: 0eda0a48740894d4e38739feba28ba97495f89a0

COCOAPODS: 1.7.3
